
Microsoft Visual Studio Solution File, Format Version 12.00
# Visual Studio Version 16
VisualStudioVersion = 16.0.30114.105
MinimumVisualStudioVersion = 10.0.40219.1
Project("{FAE04EC0-301F-11D3-BF4B-00C04F79EFBC}") = "UnitTestExample", "UnitTestExample\UnitTestExample.csproj", "{8319D3FA-32F7-41BE-A24C-D882BC9F27B3}"
EndProject
Project("{FAE04EC0-301F-11D3-BF4B-00C04F79EFBC}") = "UnitTestExample.Tests", "UnitTestExample.Tests\UnitTestExample.Tests.csproj", "{B200131F-AA21-476B-ABB5-BD1FE9D85567}"
EndProject
Global
	GlobalSection(SolutionConfigurationPlatforms) = preSolution
		Debug|Any CPU = Debug|Any CPU
		Release|Any CPU = Release|Any CPU
	EndGlobalSection
	GlobalSection(SolutionProperties) = preSolution
		HideSolutionNode = FALSE
	EndGlobalSection
	GlobalSection(ProjectConfigurationPlatforms) = postSolution
		{8319D3FA-32F7-41BE-A24C-D882BC9F27B3}.Debug|Any CPU.ActiveCfg = Debug|Any CPU
		{8319D3FA-32F7-41BE-A24C-D882BC9F27B3}.Debug|Any CPU.Build.0 = Debug|Any CPU
		{8319D3FA-32F7-41BE-A24C-D882BC9F27B3}.Release|Any CPU.ActiveCfg = Release|Any CPU
		{8319D3FA-32F7-41BE-A24C-D882BC9F27B3}.Release|Any CPU.Build.0 = Release|Any CPU
		{B200131F-AA21-476B-ABB5-BD1FE9D85567}.Debug|Any CPU.ActiveCfg = Debug|Any CPU
		{B200131F-AA21-476B-ABB5-BD1FE9D85567}.Debug|Any CPU.Build.0 = Debug|Any CPU
		{B200131F-AA21-476B-ABB5-BD1FE9D85567}.Release|Any CPU.ActiveCfg = Release|Any CPU
		{B200131F-AA21-476B-ABB5-BD1FE9D85567}.Release|Any CPU.Build.0 = Release|Any CPU
	EndGlobalSection
EndGlobal
